
Microsoft Visual Studio Solution File, Format Version 12.00
# Visual Studio 15
VisualStudioVersion = 15.0.27130.2027
MinimumVisualStudioVersion = 10.0.40219.1
Project("{FAE04EC0-301F-11D3-BF4B-00C04F79EFBC}") = "AdminApp", "AdminApp\AdminApp.csproj", "{CA367902-6A4E-495C-9BE3-24533A03DBFC}"
EndProject
Global
	GlobalSection(SolutionConfigurationPlatforms) = preSolution
		Debug|ARM = Debug|ARM
		Debug|x64 = Debug|x64
		Debug|x86 = Debug|x86
		Release|ARM = Release|ARM
		Release|x64 = Release|x64
		Release|x86 = Release|x86
	EndGlobalSection
	GlobalSection(ProjectConfigurationPlatforms) = postSolution
		{CA367902-6A4E-495C-9BE3-24533A03DBFC}.Debug|ARM.ActiveCfg = Debug|ARM
		{CA367902-6A4E-495C-9BE3-24533A03DBFC}.Debug|ARM.Build.0 = Debug|ARM
		{CA367902-6A4E-495C-9BE3-24533A03DBFC}.Debug|ARM.Deploy.0 = Debug|ARM
		{CA367902-6A4E-495C-9BE3-24533A03DBFC}.Debug|x64.ActiveCfg = Debug|x64
		{CA367902-6A4E-495C-9BE3-24533A03DBFC}.Debug|x64.Build.0 = Debug|x64
		{CA367902-6A4E-495C-9BE3-24533A03DBFC}.Debug|x64.Deploy.0 = Debug|x64
		{CA367902-6A4E-495C-9BE3-24533A03DBFC}.Debug|x86.ActiveCfg = Debug|x86
		{CA367902-6A4E-495C-9BE3-24533A03DBFC}.Debug|x86.Build.0 = Debug|x86
		{CA367902-6A4E-495C-9BE3-24533A03DBFC}.Debug|x86.Deploy.0 = Debug|x86
		{CA367902-6A4E-495C-9BE3-24533A03DBFC}.Release|ARM.ActiveCfg = Release|ARM
		{CA367902-6A4E-495C-9BE3-24533A03DBFC}.Release|ARM.Build.0 = Release|ARM
		{CA367902-6A4E-495C-9BE3-24533A03DBFC}.Release|ARM.Deploy.0 = Release|ARM
		{CA367902-6A4E-495C-9BE3-24533A03DBFC}.Release|x64.ActiveCfg = Release|x64
		{CA367902-6A4E-495C-9BE3-24533A03DBFC}.Release|x64.Build.0 = Release|x64
		{CA367902-6A4E-495C-9BE3-24533A03DBFC}.Release|x64.Deploy.0 = Release|x64
		{CA367902-6A4E-495C-9BE3-24533A03DBFC}.Release|x86.ActiveCfg = Release|x86
		{CA367902-6A4E-495C-9BE3-24533A03DBFC}.Release|x86.Build.0 = Release|x86
		{CA367902-6A4E-495C-9BE3-24533A03DBFC}.Release|x86.Deploy.0 = Release|x86
	EndGlobalSection
	GlobalSection(SolutionProperties) = preSolution
		HideSolutionNode = FALSE
	EndGlobalSection
	GlobalSection(ExtensibilityGlobals) = postSolution
		SolutionGuid = {F3BDC8CF-9CE1-48A0-9BB5-2B573CEEC298}
	EndGlobalSection
EndGlobal
